
Microsoft Visual Studio Solution File, Format Version 12.00
# Visual Studio 15
VisualStudioVersion = 15.0.27130.2036
MinimumVisualStudioVersion = 10.0.40219.1
Project("{8BC9CEB8-8B4A-11D0-8D11-00A0C91BC942}") = "Laba 5", "Laba 5\Laba 5.vcxproj", "{044F3D0B-4516-44B2-BBD7-43D70477845F}"
EndProject
Global
	GlobalSection(SolutionConfigurationPlatforms) = preSolution
		Debug|x64 = Debug|x64
		Debug|x86 = Debug|x86
		Release|x64 = Release|x64
		Release|x86 = Release|x86
	EndGlobalSection
	GlobalSection(ProjectConfigurationPlatforms) = postSolution
		{044F3D0B-4516-44B2-BBD7-43D70477845F}.Debug|x64.ActiveCfg = Debug|x64
		{044F3D0B-4516-44B2-BBD7-43D70477845F}.Debug|x64.Build.0 = Debug|x64
		{044F3D0B-4516-44B2-BBD7-43D70477845F}.Debug|x86.ActiveCfg = Debug|Win32
		{044F3D0B-4516-44B2-BBD7-43D70477845F}.Debug|x86.Build.0 = Debug|Win32
		{044F3D0B-4516-44B2-BBD7-43D70477845F}.Release|x64.ActiveCfg = Release|x64
		{044F3D0B-4516-44B2-BBD7-43D70477845F}.Release|x64.Build.0 = Release|x64
		{044F3D0B-4516-44B2-BBD7-43D70477845F}.Release|x86.ActiveCfg = Release|Win32
		{044F3D0B-4516-44B2-BBD7-43D70477845F}.Release|x86.Build.0 = Release|Win32
	EndGlobalSection
	GlobalSection(SolutionProperties) = preSolution
		HideSolutionNode = FALSE
	EndGlobalSection
	GlobalSection(ExtensibilityGlobals) = postSolution
		SolutionGuid = {8E6235B2-1B9A-4F87-B3F9-4CBC0F62FEF4}
	EndGlobalSection
EndGlobal
