
Microsoft Visual Studio Solution File, Format Version 12.00
# Visual Studio 15
VisualStudioVersion = 15.0.28307.329
MinimumVisualStudioVersion = 10.0.40219.1
Project("{8BC9CEB8-8B4A-11D0-8D11-00A0C91BC942}") = "Lab4", "Lab4\Lab4.vcxproj", "{79E17411-9AB8-4D99-A68E-0D544384D7EB}"
EndProject
Global
	GlobalSection(SolutionConfigurationPlatforms) = preSolution
		Debug|x64 = Debug|x64
		Debug|x86 = Debug|x86
		Release|x64 = Release|x64
		Release|x86 = Release|x86
	EndGlobalSection
	GlobalSection(ProjectConfigurationPlatforms) = postSolution
		{79E17411-9AB8-4D99-A68E-0D544384D7EB}.Debug|x64.ActiveCfg = Debug|x64
		{79E17411-9AB8-4D99-A68E-0D544384D7EB}.Debug|x64.Build.0 = Debug|x64
		{79E17411-9AB8-4D99-A68E-0D544384D7EB}.Debug|x86.ActiveCfg = Debug|Win32
		{79E17411-9AB8-4D99-A68E-0D544384D7EB}.Debug|x86.Build.0 = Debug|Win32
		{79E17411-9AB8-4D99-A68E-0D544384D7EB}.Release|x64.ActiveCfg = Release|x64
		{79E17411-9AB8-4D99-A68E-0D544384D7EB}.Release|x64.Build.0 = Release|x64
		{79E17411-9AB8-4D99-A68E-0D544384D7EB}.Release|x86.ActiveCfg = Release|Win32
		{79E17411-9AB8-4D99-A68E-0D544384D7EB}.Release|x86.Build.0 = Release|Win32
	EndGlobalSection
	GlobalSection(SolutionProperties) = preSolution
		HideSolutionNode = FALSE
	EndGlobalSection
	GlobalSection(ExtensibilityGlobals) = postSolution
		SolutionGuid = {77E4F34B-5650-4CC0-AB6E-498E76A98FAD}
	EndGlobalSection
EndGlobal
