
Microsoft Visual Studio Solution File, Format Version 12.00
# Visual Studio Version 16
VisualStudioVersion = 16.0.29411.108
MinimumVisualStudioVersion = 10.0.40219.1
Project("{8BC9CEB8-8B4A-11D0-8D11-00A0C91BC942}") = "ConsoleApplication1", "ConsoleApplication1\ConsoleApplication1.vcxproj", "{30D71C6A-2929-4550-9F16-D29EDD06D0AE}"
EndProject
Global
	GlobalSection(SolutionConfigurationPlatforms) = preSolution
		Debug|x64 = Debug|x64
		Debug|x86 = Debug|x86
		Release|x64 = Release|x64
		Release|x86 = Release|x86
	EndGlobalSection
	GlobalSection(ProjectConfigurationPlatforms) = postSolution
		{30D71C6A-2929-4550-9F16-D29EDD06D0AE}.Debug|x64.ActiveCfg = Debug|x64
		{30D71C6A-2929-4550-9F16-D29EDD06D0AE}.Debug|x64.Build.0 = Debug|x64
		{30D71C6A-2929-4550-9F16-D29EDD06D0AE}.Debug|x86.ActiveCfg = Debug|Win32
		{30D71C6A-2929-4550-9F16-D29EDD06D0AE}.Debug|x86.Build.0 = Debug|Win32
		{30D71C6A-2929-4550-9F16-D29EDD06D0AE}.Release|x64.ActiveCfg = Release|x64
		{30D71C6A-2929-4550-9F16-D29EDD06D0AE}.Release|x64.Build.0 = Release|x64
		{30D71C6A-2929-4550-9F16-D29EDD06D0AE}.Release|x86.ActiveCfg = Release|Win32
		{30D71C6A-2929-4550-9F16-D29EDD06D0AE}.Release|x86.Build.0 = Release|Win32
	EndGlobalSection
	GlobalSection(SolutionProperties) = preSolution
		HideSolutionNode = FALSE
	EndGlobalSection
	GlobalSection(ExtensibilityGlobals) = postSolution
		SolutionGuid = {FA91E7D4-78C7-42B8-885B-F6C3C5BBD2D8}
	EndGlobalSection
EndGlobal
